
Microsoft Visual Studio Solution File, Format Version 12.00
# Visual Studio Version 16
VisualStudioVersion = 16.0.31402.337
MinimumVisualStudioVersion = 10.0.40219.1
Project("{FAE04EC0-301F-11D3-BF4B-00C04F79EFBC}") = "olaMundo", "olaMundo\olaMundo.csproj", "{76CB65B3-42BF-4335-AC31-0A21B7A71FE2}"
EndProject
Global
	GlobalSection(SolutionConfigurationPlatforms) = preSolution
		Debug|Any CPU = Debug|Any CPU
		Release|Any CPU = Release|Any CPU
	EndGlobalSection
	GlobalSection(ProjectConfigurationPlatforms) = postSolution
		{76CB65B3-42BF-4335-AC31-0A21B7A71FE2}.Debug|Any CPU.ActiveCfg = Debug|Any CPU
		{76CB65B3-42BF-4335-AC31-0A21B7A71FE2}.Debug|Any CPU.Build.0 = Debug|Any CPU
		{76CB65B3-42BF-4335-AC31-0A21B7A71FE2}.Release|Any CPU.ActiveCfg = Release|Any CPU
		{76CB65B3-42BF-4335-AC31-0A21B7A71FE2}.Release|Any CPU.Build.0 = Release|Any CPU
	EndGlobalSection
	GlobalSection(SolutionProperties) = preSolution
		HideSolutionNode = FALSE
	EndGlobalSection
	GlobalSection(ExtensibilityGlobals) = postSolution
		SolutionGuid = {3E56E90B-15EF-48E6-A27C-E3C965D005FC}
	EndGlobalSection
EndGlobal
