
Microsoft Visual Studio Solution File, Format Version 12.00
# Visual Studio Version 16
VisualStudioVersion = 16.0.31402.337
MinimumVisualStudioVersion = 10.0.40219.1
Project("{FAE04EC0-301F-11D3-BF4B-00C04F79EFBC}") = "ListaDeAnimais", "ListaDeAnimais\ListaDeAnimais.csproj", "{2346DFD9-6321-466A-9760-4A8818032D8B}"
EndProject
Global
	GlobalSection(SolutionConfigurationPlatforms) = preSolution
		Debug|Any CPU = Debug|Any CPU
		Release|Any CPU = Release|Any CPU
	EndGlobalSection
	GlobalSection(ProjectConfigurationPlatforms) = postSolution
		{2346DFD9-6321-466A-9760-4A8818032D8B}.Debug|Any CPU.ActiveCfg = Debug|Any CPU
		{2346DFD9-6321-466A-9760-4A8818032D8B}.Debug|Any CPU.Build.0 = Debug|Any CPU
		{2346DFD9-6321-466A-9760-4A8818032D8B}.Release|Any CPU.ActiveCfg = Release|Any CPU
		{2346DFD9-6321-466A-9760-4A8818032D8B}.Release|Any CPU.Build.0 = Release|Any CPU
	EndGlobalSection
	GlobalSection(SolutionProperties) = preSolution
		HideSolutionNode = FALSE
	EndGlobalSection
	GlobalSection(ExtensibilityGlobals) = postSolution
		SolutionGuid = {D7974AF4-4C32-4275-9C84-B9747F7DDEB5}
	EndGlobalSection
EndGlobal
